# THIS IS AN AUTOGENERATED FILE. DO NOT EDIT THIS FILE DIRECTLY.
# yarn lockfile v1


"@adraffy/ens-normalize@^1.8.8":
  version "1.9.4"
  resolved "https://registry.yarnpkg.com/@adraffy/ens-normalize/-/ens-normalize-1.9.4.tgz#aae21cb858bbb0411949d5b7b3051f4209043f62"
  integrity sha512-UK0bHA7hh9cR39V+4gl2/NnBBjoXIxkuWAPCaY4X7fbH4L/azIi7ilWOCjMUYfpJgraLUAqkRi2BqrjME8Rynw==

"@ethereumjs/rlp@^4.0.1":
  version "4.0.1"
  resolved "https://registry.yarnpkg.com/@ethereumjs/rlp/-/rlp-4.0.1.tgz#626fabfd9081baab3d0a3074b0c7ecaf674aaa41"
  integrity sha512-tqsQiBQDQdmPWE1xkkBq4rlSW5QZpLOUJ5RJh2/9fug+q9tnUhuZoVLk7s0scUIKTOzEtR72DFBXI4WiZcMpvw==

"@ethereumjs/rlp@^5.0.2":
  version "5.0.2"
  resolved "https://registry.yarnpkg.com/@ethereumjs/rlp/-/rlp-5.0.2.tgz#c89bd82f2f3bec248ab2d517ae25f5bbc4aac842"
  integrity sha512-DziebCdg4JpGlEqEdGgXmjqcFoJi+JGulUXwEjsZGAscAQ7MyD/7LE/GVCP29vEQxKc7AAwjT3A2ywHp2xfoCA==

"@noble/curves@1.1.0", "@noble/curves@~1.1.0":
  version "1.1.0"
  resolved "https://registry.yarnpkg.com/@noble/curves/-/curves-1.1.0.tgz#f13fc667c89184bc04cccb9b11e8e7bae27d8c3d"
  integrity sha512-091oBExgENk/kGj3AZmtBDMpxQPDtxQABR2B9lb1JbVTs6ytdzZNwvhxQ4MWasRNEzlbEH8jCWFCwhF/Obj5AA==
  dependencies:
    "@noble/hashes" "1.3.1"

"@noble/hashes@1.3.1":
  version "1.3.1"
  resolved "https://registry.yarnpkg.com/@noble/hashes/-/hashes-1.3.1.tgz#8831ef002114670c603c458ab8b11328406953a9"
  integrity sha512-EbqwksQwz9xDRGfDST86whPBgM65E0OH/pCgqW0GBVzO22bNE+NuIbeTb714+IfSjU3aRk47EUvXIb5bTsenKA==

"@noble/hashes@~1.3.0", "@noble/hashes@~1.3.1":
  version "1.3.2"
  resolved "https://registry.yarnpkg.com/@noble/hashes/-/hashes-1.3.2.tgz#6f26dbc8fbc7205873ce3cee2f690eba0d421b39"
  integrity sha512-MVC8EAQp7MvEcm30KWENFjgR+Mkmf+D189XJTkFIlwohU5hcBbn1ZkKq7KVTi2Hme3PMGF390DaL52beVrIihQ==

"@scure/base@~1.1.0":
  version "1.1.2"
  resolved "https://registry.yarnpkg.com/@scure/base/-/base-1.1.2.tgz#ff0cf51874aaf176490c9cb46e4df807a2e581d2"
  integrity sha512-sSCrnIdaUZQHhBxZThMuk7Wm1TWzMD3uJNdGgx3JS23xSqevu0tAOsg8k66nL3R2NwQe65AI9GgqpPOgZys/eA==

"@scure/bip32@1.3.1":
  version "1.3.1"
  resolved "https://registry.yarnpkg.com/@scure/bip32/-/bip32-1.3.1.tgz#7248aea723667f98160f593d621c47e208ccbb10"
  integrity sha512-osvveYtyzdEVbt3OfwwXFr4P2iVBL5u1Q3q4ONBfDY/UpOuXmOlbgwc1xECEboY8wIays8Yt6onaWMUdUbfl0A==
  dependencies:
    "@noble/curves" "~1.1.0"
    "@noble/hashes" "~1.3.1"
    "@scure/base" "~1.1.0"

"@scure/bip39@1.2.1":
  version "1.2.1"
  resolved "https://registry.yarnpkg.com/@scure/bip39/-/bip39-1.2.1.tgz#5cee8978656b272a917b7871c981e0541ad6ac2a"
  integrity sha512-Z3/Fsz1yr904dduJD0NpiyRHhRYHdcnyh73FZWiV+/qhWi83wNJ3NWolYqCEN+ZWsUz2TWwajJggcRE9r1zUYg==
  dependencies:
    "@noble/hashes" "~1.3.0"
    "@scure/base" "~1.1.0"

"@types/node@*":
  version "14.14.22"
  resolved "https://registry.yarnpkg.com/@types/node/-/node-14.14.22.tgz#0d29f382472c4ccf3bd96ff0ce47daf5b7b84b18"
  integrity sha512-g+f/qj/cNcqKkc3tFqlXOYjrmZA+jNBiDzbP3kH+B+otKFqAdPgVTGP1IeKRdMml/aE69as5S4FqtxAbl+LaMw==

"@types/ws@8.5.3":
  version "8.5.3"
  resolved "https://registry.yarnpkg.com/@types/ws/-/ws-8.5.3.tgz#7d25a1ffbecd3c4f2d35068d0b283c037003274d"
  integrity sha512-6YOoWjruKj1uLf3INHH7D3qTXwFfEsg1kf3c0uDdSBJwfa/llkwIjrAGV7j7mVgGNbzTQ3HiHKKDXl6bJPD97w==
  dependencies:
    "@types/node" "*"

abitype@0.7.1:
  version "0.7.1"
  resolved "https://registry.yarnpkg.com/abitype/-/abitype-0.7.1.tgz#16db20abe67de80f6183cf75f3de1ff86453b745"
  integrity sha512-VBkRHTDZf9Myaek/dO3yMmOzB/y2s3Zo6nVU7yaw1G+TvCHAjwaJzNGN9yo4K5D8bU/VZXKP1EJpRhFr862PlQ==

array-filter@^1.0.0:
  version "1.0.0"
  resolved "https://registry.yarnpkg.com/array-filter/-/array-filter-1.0.0.tgz#baf79e62e6ef4c2a4c0b831232daffec251f9d83"
  integrity sha1-uveeYubvTCpMC4MSMtr/7CUfnYM=

available-typed-arrays@^1.0.2:
  version "1.0.2"
  resolved "https://registry.yarnpkg.com/available-typed-arrays/-/available-typed-arrays-1.0.2.tgz#6b098ca9d8039079ee3f77f7b783c4480ba513f5"
  integrity sha512-XWX3OX8Onv97LMk/ftVyBibpGwY5a8SmuxZPzeOxqmuEqUCOM9ZE+uIaD1VNJ5QnvU2UQusvmKbuM1FR8QWGfQ==
  dependencies:
    array-filter "^1.0.0"

call-bind@^1.0.0, call-bind@^1.0.2:
  version "1.0.2"
  resolved "https://registry.yarnpkg.com/call-bind/-/call-bind-1.0.2.tgz#b1d4e89e688119c3c9a903ad30abb2f6a919be3c"
  integrity sha512-7O+FbCihrB5WGbFYesctwmTKae6rOiIzmz1icreWJ+0aA7LJfuqhEso2T9ncpcFtzMQtzXf2QGGueWJGTYsqrA==
  dependencies:
    function-bind "^1.1.1"
    get-intrinsic "^1.0.2"

crc-32@^1.2.2:
  version "1.2.2"
  resolved "https://registry.yarnpkg.com/crc-32/-/crc-32-1.2.2.tgz#3cad35a934b8bf71f25ca524b6da51fb7eace2ff"
  integrity sha512-ROmzCKrTnOwybPcJApAA6WBWij23HVfGVNKqqrZpuyZOHqK2CwHSvpGuyt/UNNvaIjEd8X5IFGp4Mh+Ie1IHJQ==

cross-fetch@^4.0.0:
  version "4.0.0"
  resolved "https://registry.yarnpkg.com/cross-fetch/-/cross-fetch-4.0.0.tgz#f037aef1580bb3a1a35164ea2a848ba81b445983"
  integrity sha512-e4a5N8lVvuLgAWgnCrLr2PP0YyDOTHa9H/Rj54dirp61qXnNq46m82bRhNqIA5VccJtWBvPTFRV3TtvHUKPB1g==
  dependencies:
    node-fetch "^2.6.12"

define-properties@^1.1.3:
  version "1.1.3"
  resolved "https://registry.yarnpkg.com/define-properties/-/define-properties-1.1.3.tgz#cf88da6cbee26fe6db7094f61d870cbd84cee9f1"
  integrity sha512-3MqfYKj2lLzdMSf8ZIZE/V+Zuy+BgD6f164e8K2w7dgnpKArBDerGYpM46IYYcjnkdPNMjPk9A6VFB8+3SKlXQ==
  dependencies:
    object-keys "^1.0.12"

es-abstract@^1.18.0-next.1:
  version "1.18.0-next.2"
  resolved "https://registry.yarnpkg.com/es-abstract/-/es-abstract-1.18.0-next.2.tgz#088101a55f0541f595e7e057199e27ddc8f3a5c2"
  integrity sha512-Ih4ZMFHEtZupnUh6497zEL4y2+w8+1ljnCyaTa+adcoafI1GOvMwFlDjBLfWR7y9VLfrjRJe9ocuHY1PSR9jjw==
  dependencies:
    call-bind "^1.0.2"
    es-to-primitive "^1.2.1"
    function-bind "^1.1.1"
    get-intrinsic "^1.0.2"
    has "^1.0.3"
    has-symbols "^1.0.1"
    is-callable "^1.2.2"
    is-negative-zero "^2.0.1"
    is-regex "^1.1.1"
    object-inspect "^1.9.0"
    object-keys "^1.1.1"
    object.assign "^4.1.2"
    string.prototype.trimend "^1.0.3"
    string.prototype.trimstart "^1.0.3"

es-to-primitive@^1.2.1:
  version "1.2.1"
  resolved "https://registry.yarnpkg.com/es-to-primitive/-/es-to-primitive-1.2.1.tgz#e55cd4c9cdc188bcefb03b366c736323fc5c898a"
  integrity sha512-QCOllgZJtaUo9miYBcLChTUaHNjJF3PYs1VidD7AwiEj1kYxKeQTctLAezAOH5ZKRH0g2IgPn6KwB4IT8iRpvA==
  dependencies:
    is-callable "^1.1.4"
    is-date-object "^1.0.1"
    is-symbol "^1.0.2"

ethereum-cryptography@^2.0.0:
  version "2.1.2"
  resolved "https://registry.yarnpkg.com/ethereum-cryptography/-/ethereum-cryptography-2.1.2.tgz#18fa7108622e56481157a5cb7c01c0c6a672eb67"
  integrity sha512-Z5Ba0T0ImZ8fqXrJbpHcbpAvIswRte2wGNR/KePnu8GbbvgJ47lMxT/ZZPG6i9Jaht4azPDop4HaM00J0J59ug==
  dependencies:
    "@noble/curves" "1.1.0"
    "@noble/hashes" "1.3.1"
    "@scure/bip32" "1.3.1"
    "@scure/bip39" "1.2.1"

eventemitter3@^5.0.1:
  version "5.0.1"
  resolved "https://registry.yarnpkg.com/eventemitter3/-/eventemitter3-5.0.1.tgz#53f5ffd0a492ac800721bb42c66b841de96423c4"
  integrity sha512-GWkBvjiSZK87ELrYOSESUYeVIc9mvLLf/nXalMOS5dYrgZq9o5OVkbZAVM06CVxYsCwH9BDZFPlQTlPA1j4ahA==

foreach@^2.0.5:
  version "2.0.5"
  resolved "https://registry.yarnpkg.com/foreach/-/foreach-2.0.5.tgz#0bee005018aeb260d0a3af3ae658dd0136ec1b99"
  integrity sha1-C+4AUBiusmDQo6865ljdATbsG5k=

function-bind@^1.1.1:
  version "1.1.1"
  resolved "https://registry.yarnpkg.com/function-bind/-/function-bind-1.1.1.tgz#a56899d3ea3c9bab874bb9773b7c5ede92f4895d"
  integrity sha512-yIovAzMX49sF8Yl58fSCWJ5svSLuaibPxXQJFLmBObTuCr0Mf1KiPopGM9NiFjiYBCbfaa2Fh6breQ6ANVTI0A==

get-intrinsic@^1.0.2:
  version "1.1.0"
  resolved "https://registry.yarnpkg.com/get-intrinsic/-/get-intrinsic-1.1.0.tgz#892e62931e6938c8a23ea5aaebcfb67bd97da97e"
  integrity sha512-M11rgtQp5GZMZzDL7jLTNxbDfurpzuau5uqRWDPvlHjfvg3TdScAZo96GLvhMjImrmR8uAt0FS2RLoMrfWGKlg==
  dependencies:
    function-bind "^1.1.1"
    has "^1.0.3"
    has-symbols "^1.0.1"

has-symbols@^1.0.1:
  version "1.0.1"
  resolved "https://registry.yarnpkg.com/has-symbols/-/has-symbols-1.0.1.tgz#9f5214758a44196c406d9bd76cebf81ec2dd31e8"
  integrity sha512-PLcsoqu++dmEIZB+6totNFKq/7Do+Z0u4oT0zKOJNl3lYK6vGwwu2hjHs+68OEZbTjiUE9bgOABXbP/GvrS0Kg==

has@^1.0.3:
  version "1.0.3"
  resolved "https://registry.yarnpkg.com/has/-/has-1.0.3.tgz#722d7cbfc1f6aa8241f16dd814e011e1f41e8796"
  integrity sha512-f2dvO0VU6Oej7RkWJGrehjbzMAjFp5/VKPp5tTpWIV4JHHZK1/BxbFRtf/siA2SWTe09caDmVtYYzWEIbBS4zw==
  dependencies:
    function-bind "^1.1.1"

inherits@^2.0.3:
  version "2.0.4"
  resolved "https://registry.yarnpkg.com/inherits/-/inherits-2.0.4.tgz#0fa2c64f932917c3433a0ded55363aae37416b7c"
  integrity sha512-k/vGaX4/Yla3WzyMCvTQOXYeIHvqOKtnqBduzTHpzpQZzAskKMhZ2K+EnBiSM9zGSoIFeMpXKxa4dYeZIQqewQ==

is-arguments@^1.0.4:
  version "1.1.0"
  resolved "https://registry.yarnpkg.com/is-arguments/-/is-arguments-1.1.0.tgz#62353031dfbee07ceb34656a6bde59efecae8dd9"
  integrity sha512-1Ij4lOMPl/xB5kBDn7I+b2ttPMKa8szhEIrXDuXQD/oe3HJLTLhqhgGspwgyGd6MOywBUqVvYicF72lkgDnIHg==
  dependencies:
    call-bind "^1.0.0"

is-callable@^1.1.4, is-callable@^1.2.2:
  version "1.2.2"
  resolved "https://registry.yarnpkg.com/is-callable/-/is-callable-1.2.2.tgz#c7c6715cd22d4ddb48d3e19970223aceabb080d9"
  integrity sha512-dnMqspv5nU3LoewK2N/y7KLtxtakvTuaCsU9FU50/QDmdbHNy/4/JuRtMHqRU22o3q+W89YQndQEeCVwK+3qrA==

is-date-object@^1.0.1:
  version "1.0.2"
  resolved "https://registry.yarnpkg.com/is-date-object/-/is-date-object-1.0.2.tgz#bda736f2cd8fd06d32844e7743bfa7494c3bfd7e"
  integrity sha512-USlDT524woQ08aoZFzh3/Z6ch9Y/EWXEHQ/AaRN0SkKq4t2Jw2R2339tSXmwuVoY7LLlBCbOIlx2myP/L5zk0g==

is-generator-function@^1.0.7:
  version "1.0.8"
  resolved "https://registry.yarnpkg.com/is-generator-function/-/is-generator-function-1.0.8.tgz#dfb5c2b120e02b0a8d9d2c6806cd5621aa922f7b"
  integrity sha512-2Omr/twNtufVZFr1GhxjOMFPAj2sjc/dKaIqBhvo4qciXfJmITGH6ZGd8eZYNHza8t1y0e01AuqRhJwfWp26WQ==

is-negative-zero@^2.0.1:
  version "2.0.1"
  resolved "https://registry.yarnpkg.com/is-negative-zero/-/is-negative-zero-2.0.1.tgz#3de746c18dda2319241a53675908d8f766f11c24"
  integrity sha512-2z6JzQvZRa9A2Y7xC6dQQm4FSTSTNWjKIYYTt4246eMTJmIo0Q+ZyOsU66X8lxK1AbB92dFeglPLrhwpeRKO6w==

is-regex@^1.1.1:
  version "1.1.1"
  resolved "https://registry.yarnpkg.com/is-regex/-/is-regex-1.1.1.tgz#c6f98aacc546f6cec5468a07b7b153ab564a57b9"
  integrity sha512-1+QkEcxiLlB7VEyFtyBg94e08OAsvq7FUBgApTq/w2ymCLyKJgDPsybBENVtA7XCQEgEXxKPonG+mvYRxh/LIg==
  dependencies:
    has-symbols "^1.0.1"

is-symbol@^1.0.2:
  version "1.0.3"
  resolved "https://registry.yarnpkg.com/is-symbol/-/is-symbol-1.0.3.tgz#38e1014b9e6329be0de9d24a414fd7441ec61937"
  integrity sha512-OwijhaRSgqvhm/0ZdAcXNZt9lYdKFpcRDT5ULUuYXPoT794UNOdU+gpT6Rzo7b4V2HUl/op6GqY894AZwv9faQ==
  dependencies:
    has-symbols "^1.0.1"

is-typed-array@^1.1.3:
  version "1.1.4"
  resolved "https://registry.yarnpkg.com/is-typed-array/-/is-typed-array-1.1.4.tgz#1f66f34a283a3c94a4335434661ca53fff801120"
  integrity sha512-ILaRgn4zaSrVNXNGtON6iFNotXW3hAPF3+0fB1usg2jFlWqo5fEDdmJkz0zBfoi7Dgskr8Khi2xZ8cXqZEfXNA==
  dependencies:
    available-typed-arrays "^1.0.2"
    call-bind "^1.0.0"
    es-abstract "^1.18.0-next.1"
    foreach "^2.0.5"
    has-symbols "^1.0.1"

isomorphic-ws@^5.0.0:
  version "5.0.0"
  resolved "https://registry.yarnpkg.com/isomorphic-ws/-/isomorphic-ws-5.0.0.tgz#e5529148912ecb9b451b46ed44d53dae1ce04bbf"
  integrity sha512-muId7Zzn9ywDsyXgTIafTry2sV3nySZeUDe6YedVd1Hvuuep5AsIlqK+XefWpYTyJG5e503F2xIuT2lcU6rCSw==

node-fetch@^2.6.12:
  version "2.7.0"
  resolved "https://registry.yarnpkg.com/node-fetch/-/node-fetch-2.7.0.tgz#d0f0fa6e3e2dc1d27efcd8ad99d550bda94d187d"
  integrity sha512-c4FRfUm/dbcWZ7U+1Wq0AwCyFL+3nt2bEw05wfxSz+DWpWsitgmSgYmy2dQdWyKC1694ELPqMs/YzUSNozLt8A==
  dependencies:
    whatwg-url "^5.0.0"

object-inspect@^1.9.0:
  version "1.9.0"
  resolved "https://registry.yarnpkg.com/object-inspect/-/object-inspect-1.9.0.tgz#c90521d74e1127b67266ded3394ad6116986533a"
  integrity sha512-i3Bp9iTqwhaLZBxGkRfo5ZbE07BQRT7MGu8+nNgwW9ItGp1TzCTw2DLEoWwjClxBjOFI/hWljTAmYGCEwmtnOw==

object-keys@^1.0.12, object-keys@^1.1.1:
  version "1.1.1"
  resolved "https://registry.yarnpkg.com/object-keys/-/object-keys-1.1.1.tgz#1c47f272df277f3b1daf061677d9c82e2322c60e"
  integrity sha512-NuAESUOUMrlIXOfHKzD6bpPu3tYt3xvjNdRIQ+FeT0lNb4K8WR70CaDxhuNguS2XG+GjkyMwOzsN5ZktImfhLA==

object.assign@^4.1.2:
  version "4.1.2"
  resolved "https://registry.yarnpkg.com/object.assign/-/object.assign-4.1.2.tgz#0ed54a342eceb37b38ff76eb831a0e788cb63940"
  integrity sha512-ixT2L5THXsApyiUPYKmW+2EHpXXe5Ii3M+f4e+aJFAHao5amFRW6J0OO6c/LU8Be47utCx2GL89hxGB6XSmKuQ==
  dependencies:
    call-bind "^1.0.0"
    define-properties "^1.1.3"
    has-symbols "^1.0.1"
    object-keys "^1.1.1"

setimmediate@^1.0.5:
  version "1.0.5"
  resolved "https://registry.yarnpkg.com/setimmediate/-/setimmediate-1.0.5.tgz#290cbb232e306942d7d7ea9b83732ab7856f8285"
  integrity sha1-KQy7Iy4waULX1+qbg3Mqt4VvgoU=

string.prototype.trimend@^1.0.3:
  version "1.0.3"
  resolved "https://registry.yarnpkg.com/string.prototype.trimend/-/string.prototype.trimend-1.0.3.tgz#a22bd53cca5c7cf44d7c9d5c732118873d6cd18b"
  integrity sha512-ayH0pB+uf0U28CtjlLvL7NaohvR1amUvVZk+y3DYb0Ey2PUV5zPkkKy9+U1ndVEIXO8hNg18eIv9Jntbii+dKw==
  dependencies:
    call-bind "^1.0.0"
    define-properties "^1.1.3"

string.prototype.trimstart@^1.0.3:
  version "1.0.3"
  resolved "https://registry.yarnpkg.com/string.prototype.trimstart/-/string.prototype.trimstart-1.0.3.tgz#9b4cb590e123bb36564401d59824298de50fd5aa"
  integrity sha512-oBIBUy5lea5tt0ovtOFiEQaBkoBBkyJhZXzJYrSmDo5IUUqbOPvVezuRs/agBIdZ2p2Eo1FD6bD9USyBLfl3xg==
  dependencies:
    call-bind "^1.0.0"
    define-properties "^1.1.3"

tr46@~0.0.3:
  version "0.0.3"
  resolved "https://registry.yarnpkg.com/tr46/-/tr46-0.0.3.tgz#8184fd347dac9cdc185992f3a6622e14b9d9ab6a"
  integrity sha512-N3WMsuqV66lT30CrXNbEjx4GEwlow3v6rr4mCcv6prnfwhS01rkgyFdjPNBYd9br7LpXV1+Emh01fHnq2Gdgrw==

util@^0.12.5:
  version "0.12.5"
  resolved "https://registry.yarnpkg.com/util/-/util-0.12.5.tgz#5f17a6059b73db61a875668781a1c2b136bd6fbc"
  integrity sha512-kZf/K6hEIrWHI6XqOFUiiMa+79wE/D8Q+NCNAWclkyg3b4d2k7s0QGepNjiABc+aR3N1PAyHL7p6UcLY6LmrnA==
  dependencies:
    inherits "^2.0.3"
    is-arguments "^1.0.4"
    is-generator-function "^1.0.7"
    is-typed-array "^1.1.3"
    which-typed-array "^1.1.2"

web3-core@^4.3.0:
  version "4.3.1"
  resolved "https://registry.yarnpkg.com/web3-core/-/web3-core-4.3.1.tgz#5c3b5b59f1e31537a64237caa5fd83f5ffd7b0f3"
  integrity sha512-xa3w5n/ESxp5HIbrwsYBhpAPx2KI5LprjRFEtRwP0GpqqhTcCSMMYoyItRqQQ+k9YnB0PoFpWJfJI6Qn5x8YUQ==
  dependencies:
    web3-errors "^1.1.4"
    web3-eth-iban "^4.0.7"
    web3-providers-http "^4.1.0"
    web3-providers-ws "^4.0.7"
    web3-types "^1.3.1"
    web3-utils "^4.0.7"
    web3-validator "^2.0.3"
  optionalDependencies:
    web3-providers-ipc "^4.0.7"

web3-core@^4.4.0, web3-core@^4.5.0, web3-core@^4.5.1:
  version "4.5.1"
  resolved "https://registry.yarnpkg.com/web3-core/-/web3-core-4.5.1.tgz#aba57c7f925fc2d72e2109eef5ff0ecaa4482b86"
  integrity sha512-mFMOO/IWdKsLL1o2whh3oJ0LCG9P3l5c4lpiMoVsVln3QXh/B0Gf8gW3aY8S+Ixm0OHyzFDXJVc2CodxqmI4Gw==
  dependencies:
    web3-errors "^1.3.0"
    web3-eth-accounts "^4.2.0"
    web3-eth-iban "^4.0.7"
    web3-providers-http "^4.2.0"
    web3-providers-ws "^4.0.8"
    web3-types "^1.7.0"
    web3-utils "^4.3.1"
    web3-validator "^2.0.6"
  optionalDependencies:
    web3-providers-ipc "^4.0.7"

web3-errors@^1.1.3, web3-errors@^1.1.4:
  version "1.1.4"
  resolved "https://registry.yarnpkg.com/web3-errors/-/web3-errors-1.1.4.tgz#5667a0a5f66fc936e101ef32032ccc1e8ca4d5a1"
  integrity sha512-WahtszSqILez+83AxGecVroyZsMuuRT+KmQp4Si5P4Rnqbczno1k748PCrZTS1J4UCPmXMG2/Vt+0Bz2zwXkwQ==
  dependencies:
    web3-types "^1.3.1"

web3-errors@^1.2.0, web3-errors@^1.2.1, web3-errors@^1.3.0:
  version "1.3.0"
  resolved "https://registry.yarnpkg.com/web3-errors/-/web3-errors-1.3.0.tgz#504e4d3218899df108856940087a8022d6688d74"
  integrity sha512-j5JkAKCtuVMbY3F5PYXBqg1vWrtF4jcyyMY1rlw8a4PV67AkqlepjGgpzWJZd56Mt+TvHy6DA1F/3Id8LatDSQ==
  dependencies:
    web3-types "^1.7.0"

web3-eth-abi@^4.1.4:
  version "4.1.4"
  resolved "https://registry.yarnpkg.com/web3-eth-abi/-/web3-eth-abi-4.1.4.tgz#56ae7ebb1385db1a948e69fb35f4057bff6743af"
  integrity sha512-YLOBVVxxxLYKXjaiwZjEWYEnkMmmrm0nswZsvzSsINy/UgbWbzfoiZU+zn4YNWIEhORhx1p37iS3u/dP6VyC2w==
  dependencies:
    abitype "0.7.1"
    web3-errors "^1.1.3"
    web3-types "^1.3.0"
    web3-utils "^4.0.7"
    web3-validator "^2.0.3"

web3-eth-abi@^4.2.3:
  version "4.2.3"
  resolved "https://registry.yarnpkg.com/web3-eth-abi/-/web3-eth-abi-4.2.3.tgz#9efad6a45d7d6e52bb1eba56cbe45a3a321443e3"
  integrity sha512-rPVwTn0O1CzbtfXwEfIjUP0W5Y7u1OFjugwKpSqJzPQE6+REBg6OELjomTGZBu+GThxHnv0rp15SOxvqp+tyXA==
  dependencies:
    abitype "0.7.1"
    web3-errors "^1.2.0"
    web3-types "^1.7.0"
    web3-utils "^4.3.1"
    web3-validator "^2.0.6"

web3-eth-accounts@^4.1.0:
  version "4.1.0"
  resolved "https://registry.yarnpkg.com/web3-eth-accounts/-/web3-eth-accounts-4.1.0.tgz#5b5e6c60d457e7b829ec590021fc87ada8585920"
  integrity sha512-UFtAsOANsvihTQ6SSvOKguupmQkResyR9M9JNuOxYpKh7+3W+sTnbLXw2UbOSYIsKlc1mpqqW9bVr1SjqHDpUQ==
  dependencies:
    "@ethereumjs/rlp" "^4.0.1"
    crc-32 "^1.2.2"
    ethereum-cryptography "^2.0.0"
    web3-errors "^1.1.3"
    web3-types "^1.3.0"
    web3-utils "^4.0.7"
    web3-validator "^2.0.3"

web3-eth-accounts@^4.1.3, web3-eth-accounts@^4.2.0, web3-eth-accounts@^4.2.1:
  version "4.2.1"
  resolved "https://registry.yarnpkg.com/web3-eth-accounts/-/web3-eth-accounts-4.2.1.tgz#db27399137e1a26f9d467b9500019a70771f5724"
  integrity sha512-aOlEZFzqAgKprKs7+DGArU4r9b+ILBjThpeq42aY7LAQcP+mSpsWcQgbIRK3r/n3OwTYZ3aLPk0Ih70O/LwnYA==
  dependencies:
    "@ethereumjs/rlp" "^4.0.1"
    crc-32 "^1.2.2"
    ethereum-cryptography "^2.0.0"
    web3-errors "^1.3.0"
    web3-types "^1.7.0"
    web3-utils "^4.3.1"
    web3-validator "^2.0.6"

web3-eth-contract@^4.5.0, web3-eth-contract@^4.7.0:
  version "4.7.0"
  resolved "https://registry.yarnpkg.com/web3-eth-contract/-/web3-eth-contract-4.7.0.tgz#119a744e8a35f60fd7bc3e4f8637f0380a3d0e85"
  integrity sha512-fdStoBOjFyMHwlyJmSUt/BTDL1ATwKGmG3zDXQ/zTKlkkW/F/074ut0Vry4GuwSBg9acMHc0ycOiZx9ZKjNHsw==
  dependencies:
    "@ethereumjs/rlp" "^5.0.2"
    web3-core "^4.5.1"
    web3-errors "^1.3.0"
    web3-eth "^4.8.2"
    web3-eth-abi "^4.2.3"
    web3-types "^1.7.0"
    web3-utils "^4.3.1"
    web3-validator "^2.0.6"

web3-eth-ens@^4.4.0:
  version "4.4.0"
  resolved "https://registry.yarnpkg.com/web3-eth-ens/-/web3-eth-ens-4.4.0.tgz#bc0d11d755cb15ed4b82e38747c5104622d9a4b9"
  integrity sha512-DeyVIS060hNV9g8dnTx92syqvgbvPricE3MerCxe/DquNZT3tD8aVgFfq65GATtpCgDDJffO2bVeHp3XBemnSQ==
  dependencies:
    "@adraffy/ens-normalize" "^1.8.8"
    web3-core "^4.5.0"
    web3-errors "^1.2.0"
    web3-eth "^4.8.0"
    web3-eth-contract "^4.5.0"
    web3-net "^4.1.0"
    web3-types "^1.7.0"
    web3-utils "^4.3.0"
    web3-validator "^2.0.6"

web3-eth-iban@^4.0.7:
  version "4.0.7"
  resolved "https://registry.yarnpkg.com/web3-eth-iban/-/web3-eth-iban-4.0.7.tgz#ee504f845d7b6315f0be78fcf070ccd5d38e4aaf"
  integrity sha512-8weKLa9KuKRzibC87vNLdkinpUE30gn0IGY027F8doeJdcPUfsa4IlBgNC4k4HLBembBB2CTU0Kr/HAOqMeYVQ==
  dependencies:
    web3-errors "^1.1.3"
    web3-types "^1.3.0"
    web3-utils "^4.0.7"
    web3-validator "^2.0.3"

web3-eth-personal@^4.0.8:
  version "4.0.8"
  resolved "https://registry.yarnpkg.com/web3-eth-personal/-/web3-eth-personal-4.0.8.tgz#b51628c560de550ca8b354fa784f9556aae6065c"
  integrity sha512-sXeyLKJ7ddQdMxz1BZkAwImjqh7OmKxhXoBNF3isDmD4QDpMIwv/t237S3q4Z0sZQamPa/pHebJRWVuvP8jZdw==
  dependencies:
    web3-core "^4.3.0"
    web3-eth "^4.3.1"
    web3-rpc-methods "^1.1.3"
    web3-types "^1.3.0"
    web3-utils "^4.0.7"
    web3-validator "^2.0.3"

web3-eth@^4.3.1:
  version "4.3.1"
  resolved "https://registry.yarnpkg.com/web3-eth/-/web3-eth-4.3.1.tgz#cb4224356716da71e694091aa3fbf10bcb813fb5"
  integrity sha512-zJir3GOXooHQT85JB8SrufE+Voo5TtXdjhf1D8IGXmxM8MrhI8AT+Pgt4siBTupJcu5hF17iGmTP/Nj2XnaibQ==
  dependencies:
    setimmediate "^1.0.5"
    web3-core "^4.3.0"
    web3-errors "^1.1.3"
    web3-eth-abi "^4.1.4"
    web3-eth-accounts "^4.1.0"
    web3-net "^4.0.7"
    web3-providers-ws "^4.0.7"
    web3-rpc-methods "^1.1.3"
    web3-types "^1.3.0"
    web3-utils "^4.0.7"
    web3-validator "^2.0.3"

web3-eth@^4.8.0, web3-eth@^4.8.2:
  version "4.8.2"
  resolved "https://registry.yarnpkg.com/web3-eth/-/web3-eth-4.8.2.tgz#5459aff239a6f27816a522570bdd86732856ef0f"
  integrity sha512-DLV/fIMG6gBp/B0gv0+G4FzxZ4YCDQsY3lzqqv7avwh3uU7/O27aifCUcFd7Ye+3ixTqCjAvLEl9wYSeyG3zQw==
  dependencies:
    setimmediate "^1.0.5"
    web3-core "^4.5.0"
    web3-errors "^1.2.1"
    web3-eth-abi "^4.2.3"
    web3-eth-accounts "^4.1.3"
    web3-net "^4.1.0"
    web3-providers-ws "^4.0.8"
    web3-rpc-methods "^1.3.0"
    web3-types "^1.7.0"
    web3-utils "^4.3.1"
    web3-validator "^2.0.6"

web3-net@^4.0.7:
  version "4.0.7"
  resolved "https://registry.yarnpkg.com/web3-net/-/web3-net-4.0.7.tgz#ed2c1bd700cf94be93a6dbd8bd8aa413d8681942"
  integrity sha512-SzEaXFrBjY25iQGk5myaOfO9ZyfTwQEa4l4Ps4HDNVMibgZji3WPzpjq8zomVHMwi8bRp6VV7YS71eEsX7zLow==
  dependencies:
    web3-core "^4.3.0"
    web3-rpc-methods "^1.1.3"
    web3-types "^1.3.0"
    web3-utils "^4.0.7"

web3-net@^4.1.0:
  version "4.1.0"
  resolved "https://registry.yarnpkg.com/web3-net/-/web3-net-4.1.0.tgz#db7bde675e58b153339e4f149f29ec0410d6bab2"
  integrity sha512-WWmfvHVIXWEoBDWdgKNYKN8rAy6SgluZ0abyRyXOL3ESr7ym7pKWbfP4fjApIHlYTh8tNqkrdPfM4Dyi6CA0SA==
  dependencies:
    web3-core "^4.4.0"
    web3-rpc-methods "^1.3.0"
    web3-types "^1.6.0"
    web3-utils "^4.3.0"

web3-providers-http@^4.1.0:
  version "4.1.0"
  resolved "https://registry.yarnpkg.com/web3-providers-http/-/web3-providers-http-4.1.0.tgz#8d7afda67d1d8542ca85b30f60a3d1fe1993b561"
  integrity sha512-6qRUGAhJfVQM41E5t+re5IHYmb5hSaLc02BE2MaRQsz2xKA6RjmHpOA5h/+ojJxEpI9NI2CrfDKOAgtJfoUJQg==
  dependencies:
    cross-fetch "^4.0.0"
    web3-errors "^1.1.3"
    web3-types "^1.3.0"
    web3-utils "^4.0.7"

web3-providers-http@^4.2.0:
  version "4.2.0"
  resolved "https://registry.yarnpkg.com/web3-providers-http/-/web3-providers-http-4.2.0.tgz#0f4bf424681a068d49994aa7fabc69bed45ac50b"
  integrity sha512-IPMnDtHB7dVwaB7/mMxAZzyq7d5ezfO1+Vw0bNfAeIi7gaDlJiggp85SdyAfOgov8AMUA/dyiY72kQ0KmjXKvQ==
  dependencies:
    cross-fetch "^4.0.0"
    web3-errors "^1.3.0"
    web3-types "^1.7.0"
    web3-utils "^4.3.1"

web3-providers-ipc@^4.0.7:
  version "4.0.7"
  resolved "https://registry.yarnpkg.com/web3-providers-ipc/-/web3-providers-ipc-4.0.7.tgz#9ec4c8565053af005a5170ba80cddeb40ff3e3d3"
  integrity sha512-YbNqY4zUvIaK2MHr1lQFE53/8t/ejHtJchrWn9zVbFMGXlTsOAbNoIoZWROrg1v+hCBvT2c9z8xt7e/+uz5p1g==
  dependencies:
    web3-errors "^1.1.3"
    web3-types "^1.3.0"
    web3-utils "^4.0.7"

web3-providers-ws@^4.0.7:
  version "4.0.7"
  resolved "https://registry.yarnpkg.com/web3-providers-ws/-/web3-providers-ws-4.0.7.tgz#7a78a0dcf077e0e802da524fbb37d080b356c14b"
  integrity sha512-n4Dal9/rQWjS7d6LjyEPM2R458V8blRm0eLJupDEJOOIBhGYlxw5/4FthZZ/cqB7y/sLVi7K09DdYx2MeRtU5w==
  dependencies:
    "@types/ws" "8.5.3"
    isomorphic-ws "^5.0.0"
    web3-errors "^1.1.3"
    web3-types "^1.3.0"
    web3-utils "^4.0.7"
    ws "^8.8.1"

web3-providers-ws@^4.0.8:
  version "4.0.8"
  resolved "https://registry.yarnpkg.com/web3-providers-ws/-/web3-providers-ws-4.0.8.tgz#6de7b262f7ec6df1a2dff466ba91d7ebdac2c45e"
  integrity sha512-goJdgata7v4pyzHRsg9fSegUG4gVnHZSHODhNnn6J93ykHkBI1nz4fjlGpcQLUMi4jAMz6SHl9Ibzs2jj9xqPw==
  dependencies:
    "@types/ws" "8.5.3"
    isomorphic-ws "^5.0.0"
    web3-errors "^1.2.0"
    web3-types "^1.7.0"
    web3-utils "^4.3.1"
    ws "^8.17.1"

web3-rpc-methods@^1.1.3:
  version "1.1.3"
  resolved "https://registry.yarnpkg.com/web3-rpc-methods/-/web3-rpc-methods-1.1.3.tgz#4be8a85628d8b69846e2e0afa0ed71e3f6eaf163"
  integrity sha512-XB6SsCZZPdZUMPIRqDxJkZFKMu0/Y+yaExAt+Z7RqmuM7xF55fJ/Qb84LQho8zarvUoYziy4jnIfs+SXImxQUw==
  dependencies:
    web3-core "^4.3.0"
    web3-types "^1.3.0"
    web3-validator "^2.0.3"

web3-rpc-methods@^1.3.0:
  version "1.3.0"
  resolved "https://registry.yarnpkg.com/web3-rpc-methods/-/web3-rpc-methods-1.3.0.tgz#d5ee299a69389d63822d354ddee2c6a121a6f670"
  integrity sha512-/CHmzGN+IYgdBOme7PdqzF+FNeMleefzqs0LVOduncSaqsppeOEoskLXb2anSpzmQAP3xZJPaTrkQPWSJMORig==
  dependencies:
    web3-core "^4.4.0"
    web3-types "^1.6.0"
    web3-validator "^2.0.6"

web3-rpc-providers@^1.0.0-rc.2:
  version "1.0.0-rc.2"
  resolved "https://registry.yarnpkg.com/web3-rpc-providers/-/web3-rpc-providers-1.0.0-rc.2.tgz#2f3bf62415708ce09ffd5c77d197046e7d5fefb1"
  integrity sha512-ocFIEXcBx/DYQ90HhVepTBUVnL9pGsZw8wyPb1ZINSenwYus9SvcFkjU1Hfvd/fXjuhAv2bUVch9vxvMx1mXAQ==
  dependencies:
    web3-errors "^1.3.0"
    web3-providers-http "^4.2.0"
    web3-providers-ws "^4.0.8"
    web3-types "^1.7.0"
    web3-utils "^4.3.1"
    web3-validator "^2.0.6"

web3-types@^1.3.0, web3-types@^1.3.1:
  version "1.3.1"
  resolved "https://registry.yarnpkg.com/web3-types/-/web3-types-1.3.1.tgz#cf6148ad46b68c5c89714613380b270d31e297be"
  integrity sha512-8fXi7h/t95VKRtgU4sxprLPZpsTh3jYDfSghshIDBgUD/OoGe5S+syP24SUzBZYllZ/L+hMr2gdp/0bGJa8pYQ==

web3-types@^1.6.0, web3-types@^1.7.0:
  version "1.7.0"
  resolved "https://registry.yarnpkg.com/web3-types/-/web3-types-1.7.0.tgz#9945fa644af96b20b1db18564aff9ab8db00df59"
  integrity sha512-nhXxDJ7a5FesRw9UG5SZdP/C/3Q2EzHGnB39hkAV+YGXDMgwxBXFWebQLfEzZzuArfHnvC0sQqkIHNwSKcVjdA==

web3-utils@^4.0.7:
  version "4.0.7"
  resolved "https://registry.yarnpkg.com/web3-utils/-/web3-utils-4.0.7.tgz#7df497b7cdd06cdfe7d02036c45fecbe3382d137"
  integrity sha512-sy8S6C2FIa5NNHc8DjND+Fx3S8KDAizuh5RbL1RX3h0PRbFgPfWzF5RfUns8gTt0mjJuOhs/IaDhrZfeTszG5A==
  dependencies:
    ethereum-cryptography "^2.0.0"
    web3-errors "^1.1.3"
    web3-types "^1.3.0"
    web3-validator "^2.0.3"

web3-utils@^4.3.0, web3-utils@^4.3.1:
  version "4.3.1"
  resolved "https://registry.yarnpkg.com/web3-utils/-/web3-utils-4.3.1.tgz#3dcd75e3c683c26f0ba824bf27d7bc0a68b111de"
  integrity sha512-kGwOk8FxOLJ9DQC68yqNQc7AzN+k9YDLaW+ZjlAXs3qORhf8zXk5SxWAAGLbLykMs3vTeB0FTb1Exut4JEYfFA==
  dependencies:
    ethereum-cryptography "^2.0.0"
    eventemitter3 "^5.0.1"
    web3-errors "^1.2.0"
    web3-types "^1.7.0"
    web3-validator "^2.0.6"

web3-validator@^2.0.3:
  version "2.0.3"
  resolved "https://registry.yarnpkg.com/web3-validator/-/web3-validator-2.0.3.tgz#e5dcd4b4902612cff21b7f8817dd233393999d97"
  integrity sha512-fJbAQh+9LSNWy+l5Ze6HABreml8fra98o5+vS073T35jUcLbRZ0IOjF/ZPJhJNbJDt+jP1vseZsc3z3uX9mxxQ==
  dependencies:
    ethereum-cryptography "^2.0.0"
    util "^0.12.5"
    web3-errors "^1.1.3"
    web3-types "^1.3.0"
    zod "^3.21.4"

web3-validator@^2.0.6:
  version "2.0.6"
  resolved "https://registry.yarnpkg.com/web3-validator/-/web3-validator-2.0.6.tgz#a0cdaa39e1d1708ece5fae155b034e29d6a19248"
  integrity sha512-qn9id0/l1bWmvH4XfnG/JtGKKwut2Vokl6YXP5Kfg424npysmtRLe9DgiNBM9Op7QL/aSiaA0TVXibuIuWcizg==
  dependencies:
    ethereum-cryptography "^2.0.0"
    util "^0.12.5"
    web3-errors "^1.2.0"
    web3-types "^1.6.0"
    zod "^3.21.4"

web3@^4.12.0:
  version "4.12.1"
  resolved "https://registry.yarnpkg.com/web3/-/web3-4.12.1.tgz#391215c7c82627c1a8cc329ded3366c8b55f5c3d"
  integrity sha512-zIFUPdgo2uG5Vbl7C4KrTv8dmWKN3sGnY/GundbiJzcaJZDxaCyu3a5HXAcgUM1VvvsVb1zaUQAFPceq05/q/Q==
  dependencies:
    web3-core "^4.5.1"
    web3-errors "^1.3.0"
    web3-eth "^4.8.2"
    web3-eth-abi "^4.2.3"
    web3-eth-accounts "^4.2.1"
    web3-eth-contract "^4.7.0"
    web3-eth-ens "^4.4.0"
    web3-eth-iban "^4.0.7"
    web3-eth-personal "^4.0.8"
    web3-net "^4.1.0"
    web3-providers-http "^4.2.0"
    web3-providers-ws "^4.0.8"
    web3-rpc-methods "^1.3.0"
    web3-rpc-providers "^1.0.0-rc.2"
    web3-types "^1.7.0"
    web3-utils "^4.3.1"
    web3-validator "^2.0.6"

webidl-conversions@^3.0.0:
  version "3.0.1"
  resolved "https://registry.yarnpkg.com/webidl-conversions/-/webidl-conversions-3.0.1.tgz#24534275e2a7bc6be7bc86611cc16ae0a5654871"
  integrity sha512-2JAn3z8AR6rjK8Sm8orRC0h/bcl/DqL7tRPdGZ4I1CjdF+EaMLmYxBHyXuKL849eucPFhvBoxMsflfOb8kxaeQ==

whatwg-url@^5.0.0:
  version "5.0.0"
  resolved "https://registry.yarnpkg.com/whatwg-url/-/whatwg-url-5.0.0.tgz#966454e8765462e37644d3626f6742ce8b70965d"
  integrity sha512-saE57nupxk6v3HY35+jzBwYa0rKSy0XR8JSxZPwgLr7ys0IBzhGviA1/TUGJLmSVqs8pb9AnvICXEuOHLprYTw==
  dependencies:
    tr46 "~0.0.3"
    webidl-conversions "^3.0.0"

which-typed-array@^1.1.2:
  version "1.1.4"
  resolved "https://registry.yarnpkg.com/which-typed-array/-/which-typed-array-1.1.4.tgz#8fcb7d3ee5adf2d771066fba7cf37e32fe8711ff"
  integrity sha512-49E0SpUe90cjpoc7BOJwyPHRqSAd12c10Qm2amdEZrJPCY2NDxaW01zHITrem+rnETY3dwrbH3UUrUwagfCYDA==
  dependencies:
    available-typed-arrays "^1.0.2"
    call-bind "^1.0.0"
    es-abstract "^1.18.0-next.1"
    foreach "^2.0.5"
    function-bind "^1.1.1"
    has-symbols "^1.0.1"
    is-typed-array "^1.1.3"

ws@^8.17.1:
  version "8.18.0"
  resolved "https://registry.yarnpkg.com/ws/-/ws-8.18.0.tgz#0d7505a6eafe2b0e712d232b42279f53bc289bbc"
  integrity sha512-8VbfWfHLbbwu3+N6OKsOMpBdT4kXPDDB9cJk2bJ6mh9ucxdlnNvH1e+roYkKmN9Nxw2yjz7VzeO9oOz2zJ04Pw==

ws@^8.8.1:
  version "8.13.0"
  resolved "https://registry.yarnpkg.com/ws/-/ws-8.13.0.tgz#9a9fb92f93cf41512a0735c8f4dd09b8a1211cd0"
  integrity sha512-x9vcZYTrFPC7aSIbj7sRCYo7L/Xb8Iy+pW0ng0wt2vCJv7M9HOMy0UoN3rr+IFC7hb7vXoqS+P9ktyLLLhO+LA==

zod@^3.21.4:
  version "3.22.4"
  resolved "https://registry.yarnpkg.com/zod/-/zod-3.22.4.tgz#f31c3a9386f61b1f228af56faa9255e845cf3fff"
  integrity sha512-iC+8Io04lddc+mVqQ9AZ7OQ2MrUKGN+oIQyq1vemgt46jwCwLfhq7/pwnBnNXXXZb8VTVLKwp9EDkx+ryxIWmg==
